
Microsoft Visual Studio Solution File, Format Version 12.00
# Visual Studio Version 17
VisualStudioVersion = 17.3.32929.385
MinimumVisualStudioVersion = 10.0.40219.1
Project("{9A19103F-16F7-4668-BE54-9A1E7A4F7556}") = "211506K_AS_Assignment", "211506K_AS_Assignment\211506K_AS_Assignment.csproj", "{BC1A5252-DE7B-4EA1-9256-5EC6D81C725A}"
EndProject
Global
	GlobalSection(SolutionConfigurationPlatforms) = preSolution
		Debug|Any CPU = Debug|Any CPU
		Release|Any CPU = Release|Any CPU
	EndGlobalSection
	GlobalSection(ProjectConfigurationPlatforms) = postSolution
		{BC1A5252-DE7B-4EA1-9256-5EC6D81C725A}.Debug|Any CPU.ActiveCfg = Debug|Any CPU
		{BC1A5252-DE7B-4EA1-9256-5EC6D81C725A}.Debug|Any CPU.Build.0 = Debug|Any CPU
		{BC1A5252-DE7B-4EA1-9256-5EC6D81C725A}.Release|Any CPU.ActiveCfg = Release|Any CPU
		{BC1A5252-DE7B-4EA1-9256-5EC6D81C725A}.Release|Any CPU.Build.0 = Release|Any CPU
	EndGlobalSection
	GlobalSection(SolutionProperties) = preSolution
		HideSolutionNode = FALSE
	EndGlobalSection
	GlobalSection(ExtensibilityGlobals) = postSolution
		SolutionGuid = {B2B2FAC6-D734-4DB4-B448-2CC7EC0E3B83}
	EndGlobalSection
EndGlobal
